// !$*UTF8*$!
{
	archiveVersion = 1;
	classes = {
	};
	objectVersion = 56;
	objects = {

/* Begin PBXBuildFile section */
		A5583EA028FD83730030257B /* Recipe_ListApp.swift in Sources */ = {isa = PBXBuildFile; fileRef = A5583E9F28FD83730030257B /* Recipe_ListApp.swift */; };
		A5583EA228FD83730030257B /* ContentView.swift in Sources */ = {isa = PBXBuildFile; fileRef = A5583EA128FD83730030257B /* ContentView.swift */; };
		A5583EA428FD83740030257B /* Assets.xcassets in Resources */ = {isa = PBXBuildFile; fileRef = A5583EA328FD83740030257B /* Assets.xcassets */; };
		A5583EA728FD83740030257B /* Preview Assets.xcassets in Resources */ = {isa = PBXBuildFile; fileRef = A5583EA628FD83740030257B /* Preview Assets.xcassets */; };
		A5583EB528FDEE900030257B /* Recipe.swift in Sources */ = {isa = PBXBuildFile; fileRef = A5583EB428FDEE900030257B /* Recipe.swift */; };
		A5583EB728FDEFDF0030257B /* RecipeModel.swift in Sources */ = {isa = PBXBuildFile; fileRef = A5583EB628FDEFDF0030257B /* RecipeModel.swift */; };
		A5583EB928FDF1420030257B /* DataServices.swift in Sources */ = {isa = PBXBuildFile; fileRef = A5583EB828FDF1420030257B /* DataServices.swift */; };
		A5583EBD28FE07140030257B /* DetailView.swift in Sources */ = {isa = PBXBuildFile; fileRef = A5583EBC28FE07140030257B /* DetailView.swift */; };
		A5583EC128FE85610030257B /* RecipeTab.swift in Sources */ = {isa = PBXBuildFile; fileRef = A5583EC028FE85610030257B /* RecipeTab.swift */; };
		A5583EDD28FEB77D0030257B /* data.json in Resources */ = {isa = PBXBuildFile; fileRef = A5583EDC28FEB77D0030257B /* data.json */; };
/* End PBXBuildFile section */

/* Begin PBXFileReference section */
		A5583E9C28FD83730030257B /* Recipe List.app */ = {isa = PBXFileReference; explicitFileType = wrapper.application; includeInIndex = 0; path = "Recipe List.app"; sourceTree = BUILT_PRODUCTS_DIR; };
		A5583E9F28FD83730030257B /* Recipe_ListApp.swift */ = {isa = PBXFileReference; lastKnownFileType = sourcecode.swift; path = Recipe_ListApp.swift; sourceTree = "<group>"; };
		A5583EA128FD83730030257B /* ContentView.swift */ = {isa = PBXFileReference; lastKnownFileType = sourcecode.swift; path = ContentView.swift; sourceTree = "<group>"; };
		A5583EA328FD83740030257B /* Assets.xcassets */ = {isa = PBXFileReference; lastKnownFileType = folder.assetcatalog; path = Assets.xcassets; sourceTree = "<group>"; };
		A5583EA628FD83740030257B /* Preview Assets.xcassets */ = {isa = PBXFileReference; lastKnownFileType = folder.assetcatalog; path = "Preview Assets.xcassets"; sourceTree = "<group>"; };
		A5583EB428FDEE900030257B /* Recipe.swift */ = {isa = PBXFileReference; lastKnownFileType = sourcecode.swift; path = Recipe.swift; sourceTree = "<group>"; };
		A5583EB628FDEFDF0030257B /* RecipeModel.swift */ = {isa = PBXFileReference; lastKnownFileType = sourcecode.swift; path = RecipeModel.swift; sourceTree = "<group>"; };
		A5583EB828FDF1420030257B /* DataServices.swift */ = {isa = PBXFileReference; lastKnownFileType = sourcecode.swift; path = DataServices.swift; sourceTree = "<group>"; };
		A5583EBC28FE07140030257B /* DetailView.swift */ = {isa = PBXFileReference; lastKnownFileType = sourcecode.swift; path = DetailView.swift; sourceTree = "<group>"; };
		A5583EC028FE85610030257B /* RecipeTab.swift */ = {isa = PBXFileReference; lastKnownFileType = sourcecode.swift; path = RecipeTab.swift; sourceTree = "<group>"; };
		A5583EDC28FEB77D0030257B /* data.json */ = {isa = PBXFileReference; fileEncoding = 4; lastKnownFileType = text.json; path = data.json; sourceTree = "<group>"; };
/* End PBXFileReference section */

/* Begin PBXFrameworksBuildPhase section */
		A5583E9928FD83730030257B /* Frameworks */ = {
			isa = PBXFrameworksBuildPhase;
			buildActionMask = 2147483647;
			files = (
			);
			runOnlyForDeploymentPostprocessing = 0;
		};
/* End PBXFrameworksBuildPhase section */

/* Begin PBXGroup section */
		A5583E9328FD83730030257B = {
			isa = PBXGroup;
			children = (
				A5583E9E28FD83730030257B /* Recipe List */,
				A5583E9D28FD83730030257B /* Products */,
			);
			sourceTree = "<group>";
		};
		A5583E9D28FD83730030257B /* Products */ = {
			isa = PBXGroup;
			children = (
				A5583E9C28FD83730030257B /* Recipe List.app */,
			);
			name = Products;
			sourceTree = "<group>";
		};
		A5583E9E28FD83730030257B /* Recipe List */ = {
			isa = PBXGroup;
			children = (
				A5583E9F28FD83730030257B /* Recipe_ListApp.swift */,
				A5583EAE28FD83870030257B /* Model */,
				A5583EAD28FD837F0030257B /* View */,
				A5583EAF28FD83900030257B /* ViewModel */,
				A5583EB028FD83C80030257B /* Data */,
				A5583EB328FD84970030257B /* Services */,
				A5583EA328FD83740030257B /* Assets.xcassets */,
				A5583EA528FD83740030257B /* Preview Content */,
			);
			path = "Recipe List";
			sourceTree = "<group>";
		};
		A5583EA528FD83740030257B /* Preview Content */ = {
			isa = PBXGroup;
			children = (
				A5583EA628FD83740030257B /* Preview Assets.xcassets */,
			);
			path = "Preview Content";
			sourceTree = "<group>";
		};
		A5583EAD28FD837F0030257B /* View */ = {
			isa = PBXGroup;
			children = (
				A5583EA128FD83730030257B /* ContentView.swift */,
				A5583EBC28FE07140030257B /* DetailView.swift */,
				A5583EC028FE85610030257B /* RecipeTab.swift */,
			);
			path = View;
			sourceTree = "<group>";
		};
		A5583EAE28FD83870030257B /* Model */ = {
			isa = PBXGroup;
			children = (
				A5583EB428FDEE900030257B /* Recipe.swift */,
			);
			path = Model;
			sourceTree = "<group>";
		};
		A5583EAF28FD83900030257B /* ViewModel */ = {
			isa = PBXGroup;
			children = (
				A5583EB628FDEFDF0030257B /* RecipeModel.swift */,
			);
			path = ViewModel;
			sourceTree = "<group>";
		};
		A5583EB028FD83C80030257B /* Data */ = {
			isa = PBXGroup;
			children = (
				A5583EDC28FEB77D0030257B /* data.json */,
			);
			path = Data;
			sourceTree = "<group>";
		};
		A5583EB328FD84970030257B /* Services */ = {
			isa = PBXGroup;
			children = (
				A5583EB828FDF1420030257B /* DataServices.swift */,
			);
			path = Services;
			sourceTree = "<group>";
		};
/* End PBXGroup section */

/* Begin PBXNativeTarget section */
		A5583E9B28FD83730030257B /* Recipe List */ = {
			isa = PBXNativeTarget;
			buildConfigurationList = A5583EAA28FD83740030257B /* Build configuration list for PBXNativeTarget "Recipe List" */;
			buildPhases = (
				A5583E9828FD83730030257B /* Sources */,
				A5583E9928FD83730030257B /* Frameworks */,
				A5583E9A28FD83730030257B /* Resources */,
			);
			buildRules = (
			);
			dependencies = (
			);
			name = "Recipe List";
			productName = "Recipe List";
			productReference = A5583E9C28FD83730030257B /* Recipe List.app */;
			productType = "com.apple.product-type.application";
		};
/* End PBXNativeTarget section */

/* Begin PBXProject section */
		A5583E9428FD83730030257B /* Project object */ = {
			isa = PBXProject;
			attributes = {
				BuildIndependentTargetsInParallel = 1;
				LastSwiftUpdateCheck = 1400;
				LastUpgradeCheck = 1400;
				TargetAttributes = {
					A5583E9B28FD83730030257B = {
						CreatedOnToolsVersion = 14.0.1;
					};
				};
			};
			buildConfigurationList = A5583E9728FD83730030257B /* Build configuration list for PBXProject "Recipe List" */;
			compatibilityVersion = "Xcode 14.0";
			developmentRegion = en;
			hasScannedForEncodings = 0;
			knownRegions = (
				en,
				Base,
			);
			mainGroup = A5583E9328FD83730030257B;
			productRefGroup = A5583E9D28FD83730030257B /* Products */;
			projectDirPath = "";
			projectRoot = "";
			targets = (
				A5583E9B28FD83730030257B /* Recipe List */,
			);
		};
/* End PBXProject section */

/* Begin PBXResourcesBuildPhase section */
		A5583E9A28FD83730030257B /* Resources */ = {
			isa = PBXResourcesBuildPhase;
			buildActionMask = 2147483647;
			files = (
				A5583EA728FD83740030257B /* Preview Assets.xcassets in Resources */,
				A5583EDD28FEB77D0030257B /* data.json in Resources */,
				A5583EA428FD83740030257B /* Assets.xcassets in Resources */,
			);
			runOnlyForDeploymentPostprocessing = 0;
		};
/* End PBXResourcesBuildPhase section */

/* Begin PBXSourcesBuildPhase section */
		A5583E9828FD83730030257B /* Sources */ = {
			isa = PBXSourcesBuildPhase;
			buildActionMask = 2147483647;
			files = (
				A5583EB928FDF1420030257B /* DataServices.swift in Sources */,
				A5583EBD28FE07140030257B /* DetailView.swift in Sources */,
				A5583EB528FDEE900030257B /* Recipe.swift in Sources */,
				A5583EB728FDEFDF0030257B /* RecipeModel.swift in Sources */,
				A5583EA228FD83730030257B /* ContentView.swift in Sources */,
				A5583EA028FD83730030257B /* Recipe_ListApp.swift in Sources */,
				A5583EC128FE85610030257B /* RecipeTab.swift in Sources */,
			);
			runOnlyForDeploymentPostprocessing = 0;
		};
/* End PBXSourcesBuildPhase section */

/* Begin XCBuildConfiguration section */
		A5583EA828FD83740030257B /* Debug */ = {
			isa = XCBuildConfiguration;
			buildSettings = {
				ALWAYS_SEARCH_USER_PATHS = NO;
				CLANG_ANALYZER_NONNULL = YES;
				CLANG_ANALYZER_NUMBER_OBJECT_CONVERSION = YES_AGGRESSIVE;
				CLANG_CXX_LANGUAGE_STANDARD = "gnu++20";
				CLANG_ENABLE_MODULES = YES;
				CLANG_ENABLE_OBJC_ARC = YES;
				CLANG_ENABLE_OBJC_WEAK = YES;
				CLANG_WARN_BLOCK_CAPTURE_AUTORELEASING = YES;
				CLANG_WARN_BOOL_CONVERSION = YES;
				CLANG_WARN_COMMA = YES;
				CLANG_WARN_CONSTANT_CONVERSION = YES;
				CLANG_WARN_DEPRECATED_OBJC_IMPLEMENTATIONS = YES;
				CLANG_WARN_DIRECT_OBJC_ISA_USAGE = YES_ERROR;
				CLANG_WARN_DOCUMENTATION_COMMENTS = YES;
				CLANG_WARN_EMPTY_BODY = YES;
				CLANG_WARN_ENUM_CONVERSION = YES;
				CLANG_WARN_INFINITE_RECURSION = YES;
				CLANG_WARN_INT_CONVERSION = YES;
				CLANG_WARN_NON_LITERAL_NULL_CONVERSION = YES;
				CLANG_WARN_OBJC_IMPLICIT_RETAIN_SELF = YES;
				CLANG_WARN_OBJC_LITERAL_CONVERSION = YES;
				CLANG_WARN_OBJC_ROOT_CLASS = YES_ERROR;
				CLANG_WARN_QUOTED_INCLUDE_IN_FRAMEWORK_HEADER = YES;
				CLANG_WARN_RANGE_LOOP_ANALYSIS = YES;
				CLANG_WARN_STRICT_PROTOTYPES = YES;
				CLANG_WARN_SUSPICIOUS_MOVE = YES;
				CLANG_WARN_UNGUARDED_AVAILABILITY = YES_AGGRESSIVE;
				CLANG_WARN_UNREACHABLE_CODE = YES;
				CLANG_WARN__DUPLICATE_METHOD_MATCH = YES;
				COPY_PHASE_STRIP = NO;
				DEBUG_INFORMATION_FORMAT = dwarf;
				ENABLE_STRICT_OBJC_MSGSEND = YES;
				ENABLE_TESTABILITY = YES;
				GCC_C_LANGUAGE_STANDARD = gnu11;
				GCC_DYNAMIC_NO_PIC = NO;
				GCC_NO_COMMON_BLOCKS = YES;
				GCC_OPTIMIZATION_LEVEL = 0;
				GCC_PREPROCESSOR_DEFINITIONS = (
					"DEBUG=1",
					"$(inherited)",
				);
				GCC_WARN_64_TO_32_BIT_CONVERSION = YES;
				GCC_WARN_ABOUT_RETURN_TYPE = YES_ERROR;
				GCC_WARN_UNDECLARED_SELECTOR = YES;
				GCC_WARN_UNINITIALIZED_AUTOS = YES_AGGRESSIVE;
				GCC_WARN_UNUSED_FUNCTION = YES;
				GCC_WARN_UNUSED_VARIABLE = YES;
				IPHONEOS_DEPLOYMENT_TARGET = 16.0;
				MTL_ENABLE_DEBUG_INFO = INCLUDE_SOURCE;
				MTL_FAST_MATH = YES;
				ONLY_ACTIVE_ARCH = YES;
				SDKROOT = iphoneos;
				SWIFT_ACTIVE_COMPILATION_CONDITIONS = DEBUG;
				SWIFT_OPTIMIZATION_LEVEL = "-Onone";
			};
			name = Debug;
		};
		A5583EA928FD83740030257B /* Release */ = {
			isa = XCBuildConfiguration;
			buildSettings = {
				ALWAYS_SEARCH_USER_PATHS = NO;
				CLANG_ANALYZER_NONNULL = YES;
				CLANG_ANALYZER_NUMBER_OBJECT_CONVERSION = YES_AGGRESSIVE;
				CLANG_CXX_LANGUAGE_STANDARD = "gnu++20";
				CLANG_ENABLE_MODULES = YES;
				CLANG_ENABLE_OBJC_ARC = YES;
				CLANG_ENABLE_OBJC_WEAK = YES;
				CLANG_WARN_BLOCK_CAPTURE_AUTORELEASING = YES;
				CLANG_WARN_BOOL_CONVERSION = YES;
				CLANG_WARN_COMMA = YES;
				CLANG_WARN_CONSTANT_CONVERSION = YES;
				CLANG_WARN_DEPRECATED_OBJC_IMPLEMENTATIONS = YES;
				CLANG_WARN_DIRECT_OBJC_ISA_USAGE = YES_ERROR;
				CLANG_WARN_DOCUMENTATION_COMMENTS = YES;
				CLANG_WARN_EMPTY_BODY = YES;
				CLANG_WARN_ENUM_CONVERSION = YES;
				CLANG_WARN_INFINITE_RECURSION = YES;
				CLANG_WARN_INT_CONVERSION = YES;
				CLANG_WARN_NON_LITERAL_NULL_CONVERSION = YES;
				CLANG_WARN_OBJC_IMPLICIT_RETAIN_SELF = YES;
				CLANG_WARN_OBJC_LITERAL_CONVERSION = YES;
				CLANG_WARN_OBJC_ROOT_CLASS = YES_ERROR;
				CLANG_WARN_QUOTED_INCLUDE_IN_FRAMEWORK_HEADER = YES;
				CLANG_WARN_RANGE_LOOP_ANALYSIS = YES;
				CLANG_WARN_STRICT_PROTOTYPES = YES;
				CLANG_WARN_SUSPICIOUS_MOVE = YES;
				CLANG_WARN_UNGUARDED_AVAILABILITY = YES_AGGRESSIVE;
				CLANG_WARN_UNREACHABLE_CODE = YES;
				CLANG_WARN__DUPLICATE_METHOD_MATCH = YES;
				COPY_PHASE_STRIP = NO;
				DEBUG_INFORMATION_FORMAT = "dwarf-with-dsym";
				ENABLE_NS_ASSERTIONS = NO;
				ENABLE_STRICT_OBJC_MSGSEND = YES;
				GCC_C_LANGUAGE_STANDARD = gnu11;
				GCC_NO_COMMON_BLOCKS = YES;
				GCC_WARN_64_TO_32_BIT_CONVERSION = YES;
				GCC_WARN_ABOUT_RETURN_TYPE = YES_ERROR;
				GCC_WARN_UNDECLARED_SELECTOR = YES;
				GCC_WARN_UNINITIALIZED_AUTOS = YES_AGGRESSIVE;
				GCC_WARN_UNUSED_FUNCTION = YES;
				GCC_WARN_UNUSED_VARIABLE = YES;
				IPHONEOS_DEPLOYMENT_TARGET = 16.0;
				MTL_ENABLE_DEBUG_INFO = NO;
				MTL_FAST_MATH = YES;
				SDKROOT = iphoneos;
				SWIFT_COMPILATION_MODE = wholemodule;
				SWIFT_OPTIMIZATION_LEVEL = "-O";
				VALIDATE_PRODUCT = YES;
			};
			name = Release;
		};
		A5583EAB28FD83740030257B /* Debug */ = {
			isa = XCBuildConfiguration;
			buildSettings = {
				ASSETCATALOG_COMPILER_APPICON_NAME = AppIcon;
				ASSETCATALOG_COMPILER_GLOBAL_ACCENT_COLOR_NAME = AccentColor;
				CODE_SIGN_STYLE = Automatic;
				CURRENT_PROJECT_VERSION = 1;
				DEVELOPMENT_ASSET_PATHS = "\"Recipe List/Preview Content\"";
				DEVELOPMENT_TEAM = BCH7V52Z37;
				ENABLE_PREVIEWS = YES;
				GENERATE_INFOPLIST_FILE = YES;
				INFOPLIST_KEY_UIApplicationSceneManifest_Generation = YES;
				INFOPLIST_KEY_UIApplicationSupportsIndirectInputEvents = YES;
				INFOPLIST_KEY_UILaunchScreen_Generation = YES;
				INFOPLIST_KEY_UISupportedInterfaceOrientations_iPad = "UIInterfaceOrientationPortrait UIInterfaceOrientationPortraitUpsideDown UIInterfaceOrientationLandscapeLeft UIInterfaceOrientationLandscapeRight";
				INFOPLIST_KEY_UISupportedInterfaceOrientations_iPhone = "UIInterfaceOrientationPortrait UIInterfaceOrientationLandscapeLeft UIInterfaceOrientationLandscapeRight";
				LD_RUNPATH_SEARCH_PATHS = (
					"$(inherited)",
					"@executable_path/Frameworks",
				);
				MARKETING_VERSION = 1.0;
				PRODUCT_BUNDLE_IDENTIFIER = "com.sambarta.Recipe-List";
				PRODUCT_NAME = "$(TARGET_NAME)";
				SWIFT_EMIT_LOC_STRINGS = YES;
				SWIFT_VERSION = 5.0;
				TARGETED_DEVICE_FAMILY = "1,2";
			};
			name = Debug;
		};
		A5583EAC28FD83740030257B /* Release */ = {
			isa = XCBuildConfiguration;
			buildSettings = {
				ASSETCATALOG_COMPILER_APPICON_NAME = AppIcon;
				ASSETCATALOG_COMPILER_GLOBAL_ACCENT_COLOR_NAME = AccentColor;
				CODE_SIGN_STYLE = Automatic;
				CURRENT_PROJECT_VERSION = 1;
				DEVELOPMENT_ASSET_PATHS = "\"Recipe List/Preview Content\"";
				DEVELOPMENT_TEAM = BCH7V52Z37;
				ENABLE_PREVIEWS = YES;
				GENERATE_INFOPLIST_FILE = YES;
				INFOPLIST_KEY_UIApplicationSceneManifest_Generation = YES;
				INFOPLIST_KEY_UIApplicationSupportsIndirectInputEvents = YES;
				INFOPLIST_KEY_UILaunchScreen_Generation = YES;
				INFOPLIST_KEY_UISupportedInterfaceOrientations_iPad = "UIInterfaceOrientationPortrait UIInterfaceOrientationPortraitUpsideDown UIInterfaceOrientationLandscapeLeft UIInterfaceOrientationLandscapeRight";
				INFOPLIST_KEY_UISupportedInterfaceOrientations_iPhone = "UIInterfaceOrientationPortrait UIInterfaceOrientationLandscapeLeft UIInterfaceOrientationLandscapeRight";
				LD_RUNPATH_SEARCH_PATHS = (
					"$(inherited)",
					"@executable_path/Frameworks",
				);
				MARKETING_VERSION = 1.0;
				PRODUCT_BUNDLE_IDENTIFIER = "com.sambarta.Recipe-List";
				PRODUCT_NAME = "$(TARGET_NAME)";
				SWIFT_EMIT_LOC_STRINGS = YES;
				SWIFT_VERSION = 5.0;
				TARGETED_DEVICE_FAMILY = "1,2";
			};
			name = Release;
		};
/* End XCBuildConfiguration section */

/* Begin XCConfigurationList section */
		A5583E9728FD83730030257B /* Build configuration list for PBXProject "Recipe List" */ = {
			isa = XCConfigurationList;
			buildConfigurations = (
				A5583EA828FD83740030257B /* Debug */,
				A5583EA928FD83740030257B /* Release */,
			);
			defaultConfigurationIsVisible = 0;
			defaultConfigurationName = Release;
		};
		A5583EAA28FD83740030257B /* Build configuration list for PBXNativeTarget "Recipe List" */ = {
			isa = XCConfigurationList;
			buildConfigurations = (
				A5583EAB28FD83740030257B /* Debug */,
				A5583EAC28FD83740030257B /* Release */,
			);
			defaultConfigurationIsVisible = 0;
			defaultConfigurationName = Release;
		};
/* End XCConfigurationList section */
	};
	rootObject = A5583E9428FD83730030257B /* Project object */;
}
